
Microsoft Visual Studio Solution File, Format Version 12.00
# Visual Studio Version 17
VisualStudioVersion = 17.8.34525.116
MinimumVisualStudioVersion = 10.0.40219.1
Project("{9A19103F-16F7-4668-BE54-9A1E7A4F7556}") = "Week1-Algorithm-Analysis", "Week1-Algorithm-Analysis\Week1-Algorithm-Analysis.csproj", "{427C4CF6-6345-48DB-A32F-DDBFF2F62E78}"
EndProject
Project("{9A19103F-16F7-4668-BE54-9A1E7A4F7556}") = "Week2-Brute-Force", "Week2-Brute-Force\Week2-Brute-Force.csproj", "{BAE842F2-E8AB-4D6F-B830-1BD68A88D5C2}"
EndProject
Project("{9A19103F-16F7-4668-BE54-9A1E7A4F7556}") = "Week3-Exhaustive-Search", "Week3-Exhaustive-Search\Week3-Exhaustive-Search.csproj", "{7CF763AF-916C-488F-B712-2776EE33E28A}"
EndProject
Project("{9A19103F-16F7-4668-BE54-9A1E7A4F7556}") = "Week3-Fake-Coin-Problem", "Week3-Fake-Coin-Problem\Week3-Fake-Coin-Problem.csproj", "{84F409ED-B4C8-47D5-8589-9F0F9FFDA6CB}"
EndProject
Project("{9A19103F-16F7-4668-BE54-9A1E7A4F7556}") = "Week3-Decrease-and-Conquer", "Week3-Decrease-and-Conquer\Week3-Decrease-and-Conquer.csproj", "{0EC4B989-2BE6-47ED-876B-CF1C85029130}"
EndProject
Project("{9A19103F-16F7-4668-BE54-9A1E7A4F7556}") = "Fibonacci", "Fibonacci\Fibonacci.csproj", "{F6B27DCB-6CC5-4EB2-B79F-37CA6719EE28}"
EndProject
Project("{2150E333-8FDC-42A3-9474-1A3956D46DE8}") = "SubstringSearch", "SubstringSearch", "{D5F7FE11-9A33-4B35-8EB6-D59B8585A1DF}"
EndProject
Project("{FAE04EC0-301F-11D3-BF4B-00C04F79EFBC}") = "SubstringSearchTest", "SubstringSearch\test\SubstringSearchTest.csproj", "{52AD4A71-B57D-4073-A3A8-DC5BA36EEBA2}"
EndProject
Project("{FAE04EC0-301F-11D3-BF4B-00C04F79EFBC}") = "SubstringSearch", "SubstringSearch\src\SubstringSearch.csproj", "{615FCA81-4067-4387-86E2-EB05C8BFA4FD}"
EndProject
Project("{2150E333-8FDC-42A3-9474-1A3956D46DE8}") = "KnapsackProblem", "KnapsackProblem", "{E42C862C-85B8-416A-A257-CFADF7A4ED00}"
EndProject
Project("{FAE04EC0-301F-11D3-BF4B-00C04F79EFBC}") = "KnapsackProblem", "KnapsackProblem\src\KnapsackProblem.csproj", "{85DC64B2-DC96-4560-94E4-09CD9D1FB8F9}"
EndProject
Project("{FAE04EC0-301F-11D3-BF4B-00C04F79EFBC}") = "KnapsackProblemTest", "KnapsackProblem\test\KnapsackProblemTest.csproj", "{B1760C2C-33DD-4519-8C14-EB2ACC87E024}"
EndProject
Global
	GlobalSection(SolutionConfigurationPlatforms) = preSolution
		Debug|x64 = Debug|x64
		Release|x64 = Release|x64
	EndGlobalSection
	GlobalSection(ProjectConfigurationPlatforms) = postSolution
		{427C4CF6-6345-48DB-A32F-DDBFF2F62E78}.Debug|x64.ActiveCfg = Debug|x64
		{427C4CF6-6345-48DB-A32F-DDBFF2F62E78}.Debug|x64.Build.0 = Debug|x64
		{427C4CF6-6345-48DB-A32F-DDBFF2F62E78}.Release|x64.ActiveCfg = Release|x64
		{427C4CF6-6345-48DB-A32F-DDBFF2F62E78}.Release|x64.Build.0 = Release|x64
		{BAE842F2-E8AB-4D6F-B830-1BD68A88D5C2}.Debug|x64.ActiveCfg = Debug|x64
		{BAE842F2-E8AB-4D6F-B830-1BD68A88D5C2}.Debug|x64.Build.0 = Debug|x64
		{BAE842F2-E8AB-4D6F-B830-1BD68A88D5C2}.Release|x64.ActiveCfg = Release|x64
		{BAE842F2-E8AB-4D6F-B830-1BD68A88D5C2}.Release|x64.Build.0 = Release|x64
		{7CF763AF-916C-488F-B712-2776EE33E28A}.Debug|x64.ActiveCfg = Debug|x64
		{7CF763AF-916C-488F-B712-2776EE33E28A}.Debug|x64.Build.0 = Debug|x64
		{7CF763AF-916C-488F-B712-2776EE33E28A}.Release|x64.ActiveCfg = Release|x64
		{7CF763AF-916C-488F-B712-2776EE33E28A}.Release|x64.Build.0 = Release|x64
		{84F409ED-B4C8-47D5-8589-9F0F9FFDA6CB}.Debug|x64.ActiveCfg = Debug|x64
		{84F409ED-B4C8-47D5-8589-9F0F9FFDA6CB}.Debug|x64.Build.0 = Debug|x64
		{84F409ED-B4C8-47D5-8589-9F0F9FFDA6CB}.Release|x64.ActiveCfg = Release|x64
		{84F409ED-B4C8-47D5-8589-9F0F9FFDA6CB}.Release|x64.Build.0 = Release|x64
		{0EC4B989-2BE6-47ED-876B-CF1C85029130}.Debug|x64.ActiveCfg = Debug|x64
		{0EC4B989-2BE6-47ED-876B-CF1C85029130}.Debug|x64.Build.0 = Debug|x64
		{0EC4B989-2BE6-47ED-876B-CF1C85029130}.Release|x64.ActiveCfg = Release|x64
		{0EC4B989-2BE6-47ED-876B-CF1C85029130}.Release|x64.Build.0 = Release|x64
		{F6B27DCB-6CC5-4EB2-B79F-37CA6719EE28}.Debug|x64.ActiveCfg = Debug|x64
		{F6B27DCB-6CC5-4EB2-B79F-37CA6719EE28}.Debug|x64.Build.0 = Debug|x64
		{F6B27DCB-6CC5-4EB2-B79F-37CA6719EE28}.Release|x64.ActiveCfg = Release|x64
		{F6B27DCB-6CC5-4EB2-B79F-37CA6719EE28}.Release|x64.Build.0 = Release|x64
		{52AD4A71-B57D-4073-A3A8-DC5BA36EEBA2}.Debug|x64.ActiveCfg = Debug|Any CPU
		{52AD4A71-B57D-4073-A3A8-DC5BA36EEBA2}.Debug|x64.Build.0 = Debug|Any CPU
		{52AD4A71-B57D-4073-A3A8-DC5BA36EEBA2}.Release|x64.ActiveCfg = Release|Any CPU
		{52AD4A71-B57D-4073-A3A8-DC5BA36EEBA2}.Release|x64.Build.0 = Release|Any CPU
		{615FCA81-4067-4387-86E2-EB05C8BFA4FD}.Debug|x64.ActiveCfg = Debug|Any CPU
		{615FCA81-4067-4387-86E2-EB05C8BFA4FD}.Debug|x64.Build.0 = Debug|Any CPU
		{615FCA81-4067-4387-86E2-EB05C8BFA4FD}.Release|x64.ActiveCfg = Release|Any CPU
		{615FCA81-4067-4387-86E2-EB05C8BFA4FD}.Release|x64.Build.0 = Release|Any CPU
		{85DC64B2-DC96-4560-94E4-09CD9D1FB8F9}.Debug|x64.ActiveCfg = Debug|Any CPU
		{85DC64B2-DC96-4560-94E4-09CD9D1FB8F9}.Debug|x64.Build.0 = Debug|Any CPU
		{85DC64B2-DC96-4560-94E4-09CD9D1FB8F9}.Release|x64.ActiveCfg = Release|Any CPU
		{85DC64B2-DC96-4560-94E4-09CD9D1FB8F9}.Release|x64.Build.0 = Release|Any CPU
		{B1760C2C-33DD-4519-8C14-EB2ACC87E024}.Debug|x64.ActiveCfg = Debug|Any CPU
		{B1760C2C-33DD-4519-8C14-EB2ACC87E024}.Debug|x64.Build.0 = Debug|Any CPU
		{B1760C2C-33DD-4519-8C14-EB2ACC87E024}.Release|x64.ActiveCfg = Release|Any CPU
		{B1760C2C-33DD-4519-8C14-EB2ACC87E024}.Release|x64.Build.0 = Release|Any CPU
	EndGlobalSection
	GlobalSection(SolutionProperties) = preSolution
		HideSolutionNode = FALSE
	EndGlobalSection
	GlobalSection(ExtensibilityGlobals) = postSolution
		SolutionGuid = {FE84BCCB-88A5-46B0-ABF7-3B10DAFDB260}
	EndGlobalSection
	GlobalSection(NestedProjects) = preSolution
		{52AD4A71-B57D-4073-A3A8-DC5BA36EEBA2} = {D5F7FE11-9A33-4B35-8EB6-D59B8585A1DF}
		{615FCA81-4067-4387-86E2-EB05C8BFA4FD} = {D5F7FE11-9A33-4B35-8EB6-D59B8585A1DF}
		{85DC64B2-DC96-4560-94E4-09CD9D1FB8F9} = {E42C862C-85B8-416A-A257-CFADF7A4ED00}
		{B1760C2C-33DD-4519-8C14-EB2ACC87E024} = {E42C862C-85B8-416A-A257-CFADF7A4ED00}
	EndGlobalSection
EndGlobal
